
Microsoft Visual Studio Solution File, Format Version 12.00
# Visual Studio 2013
VisualStudioVersion = 12.0.21005.1
MinimumVisualStudioVersion = 10.0.40219.1
Project("{FAE04EC0-301F-11D3-BF4B-00C04F79EFBC}") = "RTCDeckServer", "RTCDeckServer\RTCDeckServer.csproj", "{EE9D446A-53C3-413C-A5ED-2DD40E134C21}"
EndProject
Project("{2150E333-8FDC-42A3-9474-1A3956D46DE8}") = ".nuget", ".nuget", "{09CD0622-6651-438B-9370-D0E851E51143}"
	ProjectSection(SolutionItems) = preProject
		.nuget\NuGet.Config = .nuget\NuGet.Config
		.nuget\NuGet.exe = .nuget\NuGet.exe
		.nuget\NuGet.targets = .nuget\NuGet.targets
	EndProjectSection
EndProject
Project("{FAE04EC0-301F-11D3-BF4B-00C04F79EFBC}") = "RTCDeckState", "RTCDeckState\RTCDeckState.csproj", "{69E45995-9D4F-41B0-B09B-4AD1C44CD8D7}"
EndProject
Global
	GlobalSection(SolutionConfigurationPlatforms) = preSolution
		Debug|Any CPU = Debug|Any CPU
		Release|Any CPU = Release|Any CPU
	EndGlobalSection
	GlobalSection(ProjectConfigurationPlatforms) = postSolution
		{EE9D446A-53C3-413C-A5ED-2DD40E134C21}.Debug|Any CPU.ActiveCfg = Debug|Any CPU
		{EE9D446A-53C3-413C-A5ED-2DD40E134C21}.Debug|Any CPU.Build.0 = Debug|Any CPU
		{EE9D446A-53C3-413C-A5ED-2DD40E134C21}.Release|Any CPU.ActiveCfg = Release|Any CPU
		{EE9D446A-53C3-413C-A5ED-2DD40E134C21}.Release|Any CPU.Build.0 = Release|Any CPU
		{69E45995-9D4F-41B0-B09B-4AD1C44CD8D7}.Debug|Any CPU.ActiveCfg = Debug|Any CPU
		{69E45995-9D4F-41B0-B09B-4AD1C44CD8D7}.Debug|Any CPU.Build.0 = Debug|Any CPU
		{69E45995-9D4F-41B0-B09B-4AD1C44CD8D7}.Release|Any CPU.ActiveCfg = Release|Any CPU
		{69E45995-9D4F-41B0-B09B-4AD1C44CD8D7}.Release|Any CPU.Build.0 = Release|Any CPU
	EndGlobalSection
	GlobalSection(SolutionProperties) = preSolution
		HideSolutionNode = FALSE
	EndGlobalSection
EndGlobal
